# THIS IS AN AUTOGENERATED FILE. DO NOT EDIT THIS FILE DIRECTLY.
# yarn lockfile v1


"@aws-cdk/assets@1.87.0":
  version "1.87.0"
  resolved "https://registry.yarnpkg.com/@aws-cdk/assets/-/assets-1.87.0.tgz#c881928d9f2d74576f88032ab62d2bc33260b3f3"
  integrity sha512-50b7KBphIyAWhLkBp57wxhhTyGgiJLOF/drz0G91ONmIY/JSrka4e59mOBV/e9vd9D8kLcmlbzv1rUY1Aj36Vg==
  dependencies:
    "@aws-cdk/core" "1.87.0"
    "@aws-cdk/cx-api" "1.87.0"
    constructs "^3.2.0"

"@aws-cdk/aws-apigateway@1.87.0":
  version "1.87.0"
  resolved "https://registry.yarnpkg.com/@aws-cdk/aws-apigateway/-/aws-apigateway-1.87.0.tgz#6656485b46b654a8c0c87df1ef591071dcae9fab"
  integrity sha512-777fCwWsh0c61URAVhkoLjhsXZdkJCfov087Gs6y3dL5KWbOVwKt4kPTnVEXgxnfd7CCR4LXPD28f3P/MxUkcA==
  dependencies:
    "@aws-cdk/aws-certificatemanager" "1.87.0"
    "@aws-cdk/aws-cloudwatch" "1.87.0"
    "@aws-cdk/aws-ec2" "1.87.0"
    "@aws-cdk/aws-elasticloadbalancingv2" "1.87.0"
    "@aws-cdk/aws-iam" "1.87.0"
    "@aws-cdk/aws-lambda" "1.87.0"
    "@aws-cdk/aws-logs" "1.87.0"
    "@aws-cdk/aws-s3" "1.87.0"
    "@aws-cdk/aws-s3-assets" "1.87.0"
    "@aws-cdk/core" "1.87.0"
    "@aws-cdk/cx-api" "1.87.0"
    constructs "^3.2.0"

"@aws-cdk/aws-apigatewayv2@1.87.0":
  version "1.87.0"
  resolved "https://registry.yarnpkg.com/@aws-cdk/aws-apigatewayv2/-/aws-apigatewayv2-1.87.0.tgz#364e2448ad335e71bd38b017c4bc281f3b8af413"
  integrity sha512-f35dQWghfRjn9DCI8bUfVyPfpBRBf2WQVKh5/UdtXMKeQt9QLW3cwO/vV0X1i8s70bzJWtBbvuE//GqaNDYn3w==
  dependencies:
    "@aws-cdk/aws-certificatemanager" "1.87.0"
    "@aws-cdk/aws-cloudwatch" "1.87.0"
    "@aws-cdk/aws-ec2" "1.87.0"
    "@aws-cdk/aws-iam" "1.87.0"
    "@aws-cdk/core" "1.87.0"
    constructs "^3.2.0"

"@aws-cdk/aws-applicationautoscaling@1.87.0":
  version "1.87.0"
  resolved "https://registry.yarnpkg.com/@aws-cdk/aws-applicationautoscaling/-/aws-applicationautoscaling-1.87.0.tgz#6fa2aef45fea4219a80d4b96498cbf9564c6b142"
  integrity sha512-36Lxyop7ld8IgFA0cMTQm8sobO8DSnTWO4oP8bM3civ8n2U4BMFs00z4A7crVrmxuvMxGtv/O5uD3hQ4w8kWRg==
  dependencies:
    "@aws-cdk/aws-autoscaling-common" "1.87.0"
    "@aws-cdk/aws-cloudwatch" "1.87.0"
    "@aws-cdk/aws-iam" "1.87.0"
    "@aws-cdk/core" "1.87.0"
    constructs "^3.2.0"

"@aws-cdk/aws-autoscaling-common@1.87.0":
  version "1.87.0"
  resolved "https://registry.yarnpkg.com/@aws-cdk/aws-autoscaling-common/-/aws-autoscaling-common-1.87.0.tgz#0cf4d4ebbfe61da1a6cfd8bdf07c6a051a5acf32"
  integrity sha512-xNssWMeuNaMp4WPBkjtrrYozdbAAvkUj/GG0ZeY+HKATuOHTw66JvGZJhQD//LbCq2uAeJ3SkX24GWVzf5DCyg==
  dependencies:
    "@aws-cdk/aws-iam" "1.87.0"
    "@aws-cdk/core" "1.87.0"
    constructs "^3.2.0"

"@aws-cdk/aws-autoscaling-hooktargets@1.87.0":
  version "1.87.0"
  resolved "https://registry.yarnpkg.com/@aws-cdk/aws-autoscaling-hooktargets/-/aws-autoscaling-hooktargets-1.87.0.tgz#4529380f4631dfdb98a609cb2c0cd79c247c7d60"
  integrity sha512-PJ1Il82fZrQsyv0Defcqp9s3kGa1qjaRZih+UKZ2jdVChCpkX8ob2sYva1X21gZEeKJcrgAoWxTdWZg7guCF6g==
  dependencies:
    "@aws-cdk/aws-autoscaling" "1.87.0"
    "@aws-cdk/aws-iam" "1.87.0"
    "@aws-cdk/aws-kms" "1.87.0"
    "@aws-cdk/aws-lambda" "1.87.0"
    "@aws-cdk/aws-sns" "1.87.0"
    "@aws-cdk/aws-sns-subscriptions" "1.87.0"
    "@aws-cdk/aws-sqs" "1.87.0"
    "@aws-cdk/core" "1.87.0"
    constructs "^3.2.0"

"@aws-cdk/aws-autoscaling@1.87.0":
  version "1.87.0"
  resolved "https://registry.yarnpkg.com/@aws-cdk/aws-autoscaling/-/aws-autoscaling-1.87.0.tgz#214aec6824fe8d476ab60a73544c27b42d1681f4"
  integrity sha512-6MbaNoe7c/nXeACZUPISNsEwh2lIJEWYvxhIjAadn9psP/2zjMKzO3rYzLKFZKqj8A/3YHuwD8AoFR668W7p3w==
  dependencies:
    "@aws-cdk/aws-autoscaling-common" "1.87.0"
    "@aws-cdk/aws-cloudwatch" "1.87.0"
    "@aws-cdk/aws-ec2" "1.87.0"
    "@aws-cdk/aws-elasticloadbalancing" "1.87.0"
    "@aws-cdk/aws-elasticloadbalancingv2" "1.87.0"
    "@aws-cdk/aws-iam" "1.87.0"
    "@aws-cdk/aws-sns" "1.87.0"
    "@aws-cdk/core" "1.87.0"
    constructs "^3.2.0"

"@aws-cdk/aws-batch@1.87.0":
  version "1.87.0"
  resolved "https://registry.yarnpkg.com/@aws-cdk/aws-batch/-/aws-batch-1.87.0.tgz#26dd7001d2c484528f55c641c2517b752dc75e13"
  integrity sha512-pHPKu35Q0mMcm3erxo9C/gxVcaoXt05GpBlI+aYj4R/LfTjqaSbWoE/cTOQGWeMNlREG6btgKQSNCMP8H96vfg==
  dependencies:
    "@aws-cdk/aws-ec2" "1.87.0"
    "@aws-cdk/aws-ecr" "1.87.0"
    "@aws-cdk/aws-ecs" "1.87.0"
    "@aws-cdk/aws-iam" "1.87.0"
    "@aws-cdk/aws-secretsmanager" "1.87.0"
    "@aws-cdk/aws-ssm" "1.87.0"
    "@aws-cdk/core" "1.87.0"
    constructs "^3.2.0"

"@aws-cdk/aws-certificatemanager@1.87.0":
  version "1.87.0"
  resolved "https://registry.yarnpkg.com/@aws-cdk/aws-certificatemanager/-/aws-certificatemanager-1.87.0.tgz#1e08dbfb3d28e9a435ddde365d18eb2492292a9d"
  integrity sha512-nEFurFTuyXerbeNG9Bk5pnGJffjEXkAtYb2XrceDMFgDNPD5oT2zJE/158FF9XPcNAahNlEF5eGoW79+7wdPqQ==
  dependencies:
    "@aws-cdk/aws-iam" "1.87.0"
    "@aws-cdk/aws-lambda" "1.87.0"
    "@aws-cdk/aws-route53" "1.87.0"
    "@aws-cdk/core" "1.87.0"
    constructs "^3.2.0"

"@aws-cdk/aws-cloudformation@1.87.0":
  version "1.87.0"
  resolved "https://registry.yarnpkg.com/@aws-cdk/aws-cloudformation/-/aws-cloudformation-1.87.0.tgz#946786c01c7a36fe41ae6678e1a8f0c16bedf415"
  integrity sha512-eyxDDngL9qsG9xmskXuHiQ8xreU2MOtULGm1gkNcImVQTquWseEQ3tKR4kh7NhsvKFON/82hI1Uy0igEgzjjPQ==
  dependencies:
    "@aws-cdk/aws-iam" "1.87.0"
    "@aws-cdk/aws-lambda" "1.87.0"
    "@aws-cdk/aws-s3" "1.87.0"
    "@aws-cdk/aws-sns" "1.87.0"
    "@aws-cdk/core" "1.87.0"
    "@aws-cdk/cx-api" "1.87.0"
    constructs "^3.2.0"

"@aws-cdk/aws-cloudfront@1.87.0":
  version "1.87.0"
  resolved "https://registry.yarnpkg.com/@aws-cdk/aws-cloudfront/-/aws-cloudfront-1.87.0.tgz#3d87558a0081f78d1f199b58b2105387c828e446"
  integrity sha512-jXufVfaL87mwBmRgmmUPXvd5h2dAeyDhoAZSx70ipkfs7Lz5Jm5f5gvVe07zYjpTlwIInr0dvRRUReR4QO6vAA==
  dependencies:
    "@aws-cdk/aws-certificatemanager" "1.87.0"
    "@aws-cdk/aws-cloudwatch" "1.87.0"
    "@aws-cdk/aws-ec2" "1.87.0"
    "@aws-cdk/aws-iam" "1.87.0"
    "@aws-cdk/aws-kms" "1.87.0"
    "@aws-cdk/aws-lambda" "1.87.0"
    "@aws-cdk/aws-s3" "1.87.0"
    "@aws-cdk/aws-ssm" "1.87.0"
    "@aws-cdk/core" "1.87.0"
    constructs "^3.2.0"

"@aws-cdk/aws-cloudwatch@1.87.0":
  version "1.87.0"
  resolved "https://registry.yarnpkg.com/@aws-cdk/aws-cloudwatch/-/aws-cloudwatch-1.87.0.tgz#d699b78038d0db7f413edf834dcb0e38b5ea316d"
  integrity sha512-gMwyCp0JcbKlOuRdQeHHb2TlkRH9fgudQuHAvXyNiqP7C+5I+hKGNmfTplGtdyTi0frq7RIo5tOJmOH+OHRYwQ==
  dependencies:
    "@aws-cdk/aws-iam" "1.87.0"
    "@aws-cdk/core" "1.87.0"
    constructs "^3.2.0"

"@aws-cdk/aws-codebuild@1.87.0":
  version "1.87.0"
  resolved "https://registry.yarnpkg.com/@aws-cdk/aws-codebuild/-/aws-codebuild-1.87.0.tgz#eea413c949acd8b82c48718e8fe998a907bd6830"
  integrity sha512-ch9CUWtWOS6/any8Np5UD3xP1RsIAJE4wztFz9Xa1tIXdMo3jPrLIUtzQwOjrKKQsDrmh9DfD52OgzJRUmGsSA==
  dependencies:
    "@aws-cdk/aws-cloudwatch" "1.87.0"
    "@aws-cdk/aws-codecommit" "1.87.0"
    "@aws-cdk/aws-ec2" "1.87.0"
    "@aws-cdk/aws-ecr" "1.87.0"
    "@aws-cdk/aws-ecr-assets" "1.87.0"
    "@aws-cdk/aws-events" "1.87.0"
    "@aws-cdk/aws-iam" "1.87.0"
    "@aws-cdk/aws-kms" "1.87.0"
    "@aws-cdk/aws-logs" "1.87.0"
    "@aws-cdk/aws-s3" "1.87.0"
    "@aws-cdk/aws-s3-assets" "1.87.0"
    "@aws-cdk/aws-secretsmanager" "1.87.0"
    "@aws-cdk/core" "1.87.0"
    "@aws-cdk/region-info" "1.87.0"
    constructs "^3.2.0"

"@aws-cdk/aws-codecommit@1.87.0":
  version "1.87.0"
  resolved "https://registry.yarnpkg.com/@aws-cdk/aws-codecommit/-/aws-codecommit-1.87.0.tgz#d28aa7a2f54543fbb0ccb532c464d8d44d991da6"
  integrity sha512-/REewic3MMC2VsOTv0Zspx/vDmYrbzVqKIWOm+R3zaHY6nssYy2jAMWtpBKapQp0uOQx/4DsknzHKMj+n1wEkg==
  dependencies:
    "@aws-cdk/aws-events" "1.87.0"
    "@aws-cdk/aws-iam" "1.87.0"
    "@aws-cdk/core" "1.87.0"
    constructs "^3.2.0"

"@aws-cdk/aws-codeguruprofiler@1.87.0":
  version "1.87.0"
  resolved "https://registry.yarnpkg.com/@aws-cdk/aws-codeguruprofiler/-/aws-codeguruprofiler-1.87.0.tgz#787518fb1f4d8ba0e3c49e8157ebf2eef962be2b"
  integrity sha512-MMyGU/+2yDa3ojS3od0vf2kFZ9IYKUnPjySOCvu5f3APJ6u9I6zaV2OybUxJQ8WwaEjTTcwEQ5iuzvP8LjCvWw==
  dependencies:
    "@aws-cdk/aws-iam" "1.87.0"
    "@aws-cdk/core" "1.87.0"
    constructs "^3.2.0"

"@aws-cdk/aws-codepipeline@1.87.0":
  version "1.87.0"
  resolved "https://registry.yarnpkg.com/@aws-cdk/aws-codepipeline/-/aws-codepipeline-1.87.0.tgz#55909bb6155b57017ee46842fe9dac4f7e2dbce4"
  integrity sha512-6wNWxc4b5O69cSs7AF0CHtHk2Sc+4ygJ6inXCqIWvrN1yalUDlBOp4LDdnhn+2FPSYKV9zKh/FPyqyiVMsTS0g==
  dependencies:
    "@aws-cdk/aws-events" "1.87.0"
    "@aws-cdk/aws-iam" "1.87.0"
    "@aws-cdk/aws-kms" "1.87.0"
    "@aws-cdk/aws-s3" "1.87.0"
    "@aws-cdk/core" "1.87.0"
    constructs "^3.2.0"

"@aws-cdk/aws-cognito@1.87.0":
  version "1.87.0"
  resolved "https://registry.yarnpkg.com/@aws-cdk/aws-cognito/-/aws-cognito-1.87.0.tgz#9e1aae989808af369845ddf08638e55a3fa44643"
  integrity sha512-9XC48kOwFlq0qR4+MYVn6fMxAzkmJTWbYMHBFvJnKDAt34El1GvR5vRx5ow5TN9KsLiyw54MJfJnieKC2DMPyQ==
  dependencies:
    "@aws-cdk/aws-certificatemanager" "1.87.0"
    "@aws-cdk/aws-iam" "1.87.0"
    "@aws-cdk/aws-lambda" "1.87.0"
    "@aws-cdk/core" "1.87.0"
    "@aws-cdk/custom-resources" "1.87.0"
    constructs "^3.2.0"
    punycode "^2.1.1"

"@aws-cdk/aws-ec2@*", "@aws-cdk/aws-ec2@1.87.0":
  version "1.87.0"
  resolved "https://registry.yarnpkg.com/@aws-cdk/aws-ec2/-/aws-ec2-1.87.0.tgz#30dc99d9ab26d434534aae5def1d8cb1d67522c1"
  integrity sha512-NH3Jx8/TerpJ5tXDY6vceKYNoHQj8CuGFXj5X7Sa8St935ymird7yb1ePGjRkVZVocTnY3uC64Vy0+jHBXUDJQ==
  dependencies:
    "@aws-cdk/aws-cloudwatch" "1.87.0"
    "@aws-cdk/aws-iam" "1.87.0"
    "@aws-cdk/aws-kms" "1.87.0"
    "@aws-cdk/aws-logs" "1.87.0"
    "@aws-cdk/aws-s3" "1.87.0"
    "@aws-cdk/aws-s3-assets" "1.87.0"
    "@aws-cdk/aws-ssm" "1.87.0"
    "@aws-cdk/cloud-assembly-schema" "1.87.0"
    "@aws-cdk/core" "1.87.0"
    "@aws-cdk/cx-api" "1.87.0"
    "@aws-cdk/region-info" "1.87.0"
    constructs "^3.2.0"

"@aws-cdk/aws-ecr-assets@1.87.0":
  version "1.87.0"
  resolved "https://registry.yarnpkg.com/@aws-cdk/aws-ecr-assets/-/aws-ecr-assets-1.87.0.tgz#7dbcff21bce054cc1be9fda192c5b42a329cea10"
  integrity sha512-rbjVQffRxl/YPbm9bpUCd1VL89PdYLZmUJ3VIaXilJuqbBGwRHpWrH4RguH9rRfK4SRxoR9vOGq1952Vjr/phw==
  dependencies:
    "@aws-cdk/assets" "1.87.0"
    "@aws-cdk/aws-ecr" "1.87.0"
    "@aws-cdk/aws-iam" "1.87.0"
    "@aws-cdk/aws-s3" "1.87.0"
    "@aws-cdk/core" "1.87.0"
    "@aws-cdk/cx-api" "1.87.0"
    constructs "^3.2.0"
    minimatch "^3.0.4"

"@aws-cdk/aws-ecr@*", "@aws-cdk/aws-ecr@1.87.0":
  version "1.87.0"
  resolved "https://registry.yarnpkg.com/@aws-cdk/aws-ecr/-/aws-ecr-1.87.0.tgz#8ee50b02ce4d5c78e25bfe53a25f5383ead5d272"
  integrity sha512-4sHfmt9/9Ic6GuZB1U5tR4tRlmc2LCwHjSSFSma9/qp/EGMW99ZpQrdK2gdvRrAjvM4P7qWjDDR70f2cfhNJkg==
  dependencies:
    "@aws-cdk/aws-events" "1.87.0"
    "@aws-cdk/aws-iam" "1.87.0"
    "@aws-cdk/core" "1.87.0"
    constructs "^3.2.0"

"@aws-cdk/aws-ecs-patterns@*":
  version "1.87.0"
  resolved "https://registry.yarnpkg.com/@aws-cdk/aws-ecs-patterns/-/aws-ecs-patterns-1.87.0.tgz#dd4ae6ad1f80e4eb914bca1265959f922572668c"
  integrity sha512-s0PiLVYUA71c8TZlgyUS8RjwrN+yHsLKbGIrzrLDmfBE42nzwBeL86tvc6WUrb7CTJVeeojD+aRNULv1flf7aw==
  dependencies:
    "@aws-cdk/aws-applicationautoscaling" "1.87.0"
    "@aws-cdk/aws-certificatemanager" "1.87.0"
    "@aws-cdk/aws-ec2" "1.87.0"
    "@aws-cdk/aws-ecs" "1.87.0"
    "@aws-cdk/aws-elasticloadbalancingv2" "1.87.0"
    "@aws-cdk/aws-events" "1.87.0"
    "@aws-cdk/aws-events-targets" "1.87.0"
    "@aws-cdk/aws-iam" "1.87.0"
    "@aws-cdk/aws-route53" "1.87.0"
    "@aws-cdk/aws-route53-targets" "1.87.0"
    "@aws-cdk/aws-servicediscovery" "1.87.0"
    "@aws-cdk/aws-sqs" "1.87.0"
    "@aws-cdk/core" "1.87.0"
    constructs "^3.2.0"

"@aws-cdk/aws-ecs@*", "@aws-cdk/aws-ecs@1.87.0":
  version "1.87.0"
  resolved "https://registry.yarnpkg.com/@aws-cdk/aws-ecs/-/aws-ecs-1.87.0.tgz#ea1875ea31e7f0ffc461a7ad747506d78a6c8ba2"
  integrity sha512-Kah/8OPh1Z5PmHq5DBuzFNjCT//CJ6jRqPkdcqGpksxwOJdwr/+0piFt86ULE9sqQGYGcXdNBtK2bmq9K6yqxQ==
  dependencies:
    "@aws-cdk/aws-applicationautoscaling" "1.87.0"
    "@aws-cdk/aws-autoscaling" "1.87.0"
    "@aws-cdk/aws-autoscaling-hooktargets" "1.87.0"
    "@aws-cdk/aws-certificatemanager" "1.87.0"
    "@aws-cdk/aws-cloudwatch" "1.87.0"
    "@aws-cdk/aws-ec2" "1.87.0"
    "@aws-cdk/aws-ecr" "1.87.0"
    "@aws-cdk/aws-ecr-assets" "1.87.0"
    "@aws-cdk/aws-elasticloadbalancing" "1.87.0"
    "@aws-cdk/aws-elasticloadbalancingv2" "1.87.0"
    "@aws-cdk/aws-iam" "1.87.0"
    "@aws-cdk/aws-kms" "1.87.0"
    "@aws-cdk/aws-lambda" "1.87.0"
    "@aws-cdk/aws-logs" "1.87.0"
    "@aws-cdk/aws-route53" "1.87.0"
    "@aws-cdk/aws-route53-targets" "1.87.0"
    "@aws-cdk/aws-s3" "1.87.0"
    "@aws-cdk/aws-s3-assets" "1.87.0"
    "@aws-cdk/aws-secretsmanager" "1.87.0"
    "@aws-cdk/aws-servicediscovery" "1.87.0"
    "@aws-cdk/aws-sns" "1.87.0"
    "@aws-cdk/aws-sqs" "1.87.0"
    "@aws-cdk/aws-ssm" "1.87.0"
    "@aws-cdk/core" "1.87.0"
    "@aws-cdk/cx-api" "1.87.0"
    constructs "^3.2.0"

"@aws-cdk/aws-efs@1.87.0":
  version "1.87.0"
  resolved "https://registry.yarnpkg.com/@aws-cdk/aws-efs/-/aws-efs-1.87.0.tgz#df01a8c0d7f5e00251769b20e972e67cee99872f"
  integrity sha512-cAILNgy2je0z0inLEa/hGyaE8ZBQ+anGdn1l7/G6t9R3UMof08K7YXvnB71wjlBkNg6Bn1KSHB8EvuQjcHqxjQ==
  dependencies:
    "@aws-cdk/aws-ec2" "1.87.0"
    "@aws-cdk/aws-kms" "1.87.0"
    "@aws-cdk/cloud-assembly-schema" "1.87.0"
    "@aws-cdk/core" "1.87.0"
    "@aws-cdk/cx-api" "1.87.0"
    constructs "^3.2.0"

"@aws-cdk/aws-elasticloadbalancing@1.87.0":
  version "1.87.0"
  resolved "https://registry.yarnpkg.com/@aws-cdk/aws-elasticloadbalancing/-/aws-elasticloadbalancing-1.87.0.tgz#adc5e17146d9a43f9d7b1e209ed2464f662c6904"
  integrity sha512-C+wxfCx+3c51sVayTBHUKmBUdROAYZXCoWzKLo8vapCMf5zPPad0gWMA8lbak8aD5NfZlS+uCg3+5NiYc75+Vw==
  dependencies:
    "@aws-cdk/aws-ec2" "1.87.0"
    "@aws-cdk/core" "1.87.0"
    constructs "^3.2.0"

"@aws-cdk/aws-elasticloadbalancingv2@1.87.0":
  version "1.87.0"
  resolved "https://registry.yarnpkg.com/@aws-cdk/aws-elasticloadbalancingv2/-/aws-elasticloadbalancingv2-1.87.0.tgz#420cb206db8de57232f75f40aa1a47b4f7caf72f"
  integrity sha512-Zs3lSzEgOgIZrCSkuMt0jPl2MTlxWfQHDwqZvXKwKab40UhQ5E1h3brtWY5U2RoUdPPDySa4Dpkjq9uLzOuT7Q==
  dependencies:
    "@aws-cdk/aws-certificatemanager" "1.87.0"
    "@aws-cdk/aws-cloudwatch" "1.87.0"
    "@aws-cdk/aws-ec2" "1.87.0"
    "@aws-cdk/aws-iam" "1.87.0"
    "@aws-cdk/aws-lambda" "1.87.0"
    "@aws-cdk/aws-s3" "1.87.0"
    "@aws-cdk/cloud-assembly-schema" "1.87.0"
    "@aws-cdk/core" "1.87.0"
    "@aws-cdk/cx-api" "1.87.0"
    "@aws-cdk/region-info" "1.87.0"
    constructs "^3.2.0"

"@aws-cdk/aws-events-targets@1.87.0":
  version "1.87.0"
  resolved "https://registry.yarnpkg.com/@aws-cdk/aws-events-targets/-/aws-events-targets-1.87.0.tgz#364c1f18f44d770c016b23778bdd1bb5d7b04180"
  integrity sha512-JoTT4N2M9lVZE9u1NGA/U0y4FJKZ6fbAzJ+JccH7884UybyQC2BQX2eAoIfRW0ZMH/6bEacAnDS1QjOz3GclyQ==
  dependencies:
    "@aws-cdk/aws-batch" "1.87.0"
    "@aws-cdk/aws-codebuild" "1.87.0"
    "@aws-cdk/aws-codepipeline" "1.87.0"
    "@aws-cdk/aws-ec2" "1.87.0"
    "@aws-cdk/aws-ecs" "1.87.0"
    "@aws-cdk/aws-events" "1.87.0"
    "@aws-cdk/aws-iam" "1.87.0"
    "@aws-cdk/aws-kinesis" "1.87.0"
    "@aws-cdk/aws-kinesisfirehose" "1.87.0"
    "@aws-cdk/aws-lambda" "1.87.0"
    "@aws-cdk/aws-logs" "1.87.0"
    "@aws-cdk/aws-sns" "1.87.0"
    "@aws-cdk/aws-sns-subscriptions" "1.87.0"
    "@aws-cdk/aws-sqs" "1.87.0"
    "@aws-cdk/aws-stepfunctions" "1.87.0"
    "@aws-cdk/core" "1.87.0"
    "@aws-cdk/custom-resources" "1.87.0"
    constructs "^3.2.0"

"@aws-cdk/aws-events@1.87.0":
  version "1.87.0"
  resolved "https://registry.yarnpkg.com/@aws-cdk/aws-events/-/aws-events-1.87.0.tgz#22f4823743265d4344e7d57c2ff8ed478ee46956"
  integrity sha512-HP4r6qqRJgLRvRN+tphhdYPKo5hJFdneKWFULxRyHTGj/MhpcorkSKSlDaacDimAq9O/QvBCO9agflSYNAY97g==
  dependencies:
    "@aws-cdk/aws-iam" "1.87.0"
    "@aws-cdk/core" "1.87.0"
    constructs "^3.2.0"

"@aws-cdk/aws-iam@1.87.0":
  version "1.87.0"
  resolved "https://registry.yarnpkg.com/@aws-cdk/aws-iam/-/aws-iam-1.87.0.tgz#4cdf55cfcdabe141c8a1099f2bb3f51b2a62cee7"
  integrity sha512-WX0bXC79++fee/yhPSMWmeibkYOxwfIfmFLa8z3Ig3vt7knC//vLwvc5RmEfqBUyiVGFjGAEiDBDPt+vrQU4jw==
  dependencies:
    "@aws-cdk/core" "1.87.0"
    "@aws-cdk/region-info" "1.87.0"
    constructs "^3.2.0"

"@aws-cdk/aws-kinesis@1.87.0":
  version "1.87.0"
  resolved "https://registry.yarnpkg.com/@aws-cdk/aws-kinesis/-/aws-kinesis-1.87.0.tgz#cde1b0ecdd532eaecd77f40d065bbf4aef9f9928"
  integrity sha512-iNZMd1JfIfErrm5gd06+fhvPD8kr1pixcJDiOTGu9AtFRRy9E5WTtWHLi11cw+9SOsK8eCG6BZJDq/etgXvRUA==
  dependencies:
    "@aws-cdk/aws-iam" "1.87.0"
    "@aws-cdk/aws-kms" "1.87.0"
    "@aws-cdk/aws-logs" "1.87.0"
    "@aws-cdk/core" "1.87.0"
    constructs "^3.2.0"

"@aws-cdk/aws-kinesisfirehose@1.87.0":
  version "1.87.0"
  resolved "https://registry.yarnpkg.com/@aws-cdk/aws-kinesisfirehose/-/aws-kinesisfirehose-1.87.0.tgz#b0b721bd4369d07d10b87a35b7172c6b47e3245c"
  integrity sha512-5EG1owqYwigxcEu0EUakEVz/hDlX5xJg0T7Py560DRm7nGKgFZbEskDIVBbJ8GpeCCnYiMwovpkzaQNEWmLbAw==
  dependencies:
    "@aws-cdk/core" "1.87.0"
    constructs "^3.2.0"

"@aws-cdk/aws-kms@1.87.0":
  version "1.87.0"
  resolved "https://registry.yarnpkg.com/@aws-cdk/aws-kms/-/aws-kms-1.87.0.tgz#b833202fad6c36378908de994780efa3ef9d9b02"
  integrity sha512-gAOAV96tkuT04g8fnpPBKaYE5lbiP3FceLYcI9FHI/kPl8BfRQEPKMf6wniwpdhXiPX2Rc8GzfBZtPLjpFfoPQ==
  dependencies:
    "@aws-cdk/aws-iam" "1.87.0"
    "@aws-cdk/core" "1.87.0"
    "@aws-cdk/cx-api" "1.87.0"
    constructs "^3.2.0"

"@aws-cdk/aws-lambda@1.87.0":
  version "1.87.0"
  resolved "https://registry.yarnpkg.com/@aws-cdk/aws-lambda/-/aws-lambda-1.87.0.tgz#c015997c5b84fc7ee99cf9b1c4ad62d0b2e9c8c8"
  integrity sha512-ZKG65feemY3RuszbWOph8GxeIdLXyTZDj5qmLPdcU2QCfXsO+0kL+Zdf9wHyQQUk3IKF5Fsw+bvZbYXaZ8GARA==
  dependencies:
    "@aws-cdk/aws-applicationautoscaling" "1.87.0"
    "@aws-cdk/aws-cloudwatch" "1.87.0"
    "@aws-cdk/aws-codeguruprofiler" "1.87.0"
    "@aws-cdk/aws-ec2" "1.87.0"
    "@aws-cdk/aws-ecr" "1.87.0"
    "@aws-cdk/aws-ecr-assets" "1.87.0"
    "@aws-cdk/aws-efs" "1.87.0"
    "@aws-cdk/aws-events" "1.87.0"
    "@aws-cdk/aws-iam" "1.87.0"
    "@aws-cdk/aws-kms" "1.87.0"
    "@aws-cdk/aws-logs" "1.87.0"
    "@aws-cdk/aws-s3" "1.87.0"
    "@aws-cdk/aws-s3-assets" "1.87.0"
    "@aws-cdk/aws-sqs" "1.87.0"
    "@aws-cdk/core" "1.87.0"
    "@aws-cdk/cx-api" "1.87.0"
    constructs "^3.2.0"

"@aws-cdk/aws-logs@1.87.0":
  version "1.87.0"
  resolved "https://registry.yarnpkg.com/@aws-cdk/aws-logs/-/aws-logs-1.87.0.tgz#566f8e0fe750725690369196acf46b4f3eb65d87"
  integrity sha512-fKAo3s4JvjR3p8LgvLLMQUv2u/UtU8N0FGwF7LRgf6whSuPv7DVPh23MsdQ45kFVo9wc6P9i9RTggtijC0lJLA==
  dependencies:
    "@aws-cdk/aws-cloudwatch" "1.87.0"
    "@aws-cdk/aws-iam" "1.87.0"
    "@aws-cdk/aws-kms" "1.87.0"
    "@aws-cdk/aws-s3-assets" "1.87.0"
    "@aws-cdk/core" "1.87.0"
    constructs "^3.2.0"

"@aws-cdk/aws-route53-targets@1.87.0":
  version "1.87.0"
  resolved "https://registry.yarnpkg.com/@aws-cdk/aws-route53-targets/-/aws-route53-targets-1.87.0.tgz#cca8c317b6020aeb4aadf7b4798d099c8091c201"
  integrity sha512-fVL9D/FkUB3fITX5111XH64OUtSXd7qQsIi4FjToN0Cqh/l6IpryWO1yX1KazcxgYrti0XxKgCMC1g2S1BWGBA==
  dependencies:
    "@aws-cdk/aws-apigateway" "1.87.0"
    "@aws-cdk/aws-apigatewayv2" "1.87.0"
    "@aws-cdk/aws-cloudfront" "1.87.0"
    "@aws-cdk/aws-cognito" "1.87.0"
    "@aws-cdk/aws-ec2" "1.87.0"
    "@aws-cdk/aws-elasticloadbalancing" "1.87.0"
    "@aws-cdk/aws-elasticloadbalancingv2" "1.87.0"
    "@aws-cdk/aws-iam" "1.87.0"
    "@aws-cdk/aws-route53" "1.87.0"
    "@aws-cdk/aws-s3" "1.87.0"
    "@aws-cdk/core" "1.87.0"
    "@aws-cdk/region-info" "1.87.0"
    constructs "^3.2.0"

"@aws-cdk/aws-route53@1.87.0":
  version "1.87.0"
  resolved "https://registry.yarnpkg.com/@aws-cdk/aws-route53/-/aws-route53-1.87.0.tgz#14452e947290cce4325bd2cde5c0fac6c5bc1849"
  integrity sha512-wUYIUUBbNCgQ0h2t/n9ZqUhAWkytx9dtIGIybPdWG0TA8QR0VbmR7chqnBi9X0gVoW76XX0yNig4b6raMIUqXw==
  dependencies:
    "@aws-cdk/aws-ec2" "1.87.0"
    "@aws-cdk/aws-logs" "1.87.0"
    "@aws-cdk/cloud-assembly-schema" "1.87.0"
    "@aws-cdk/core" "1.87.0"
    "@aws-cdk/custom-resources" "1.87.0"
    constructs "^3.2.0"

"@aws-cdk/aws-s3-assets@1.87.0":
  version "1.87.0"
  resolved "https://registry.yarnpkg.com/@aws-cdk/aws-s3-assets/-/aws-s3-assets-1.87.0.tgz#66ed60e7ff30dd9df9b601011ded2d43749e1ec1"
  integrity sha512-xBAMaBJ7sQ8yqMj64G0ZvDF6rynKsSqwp5kK22N+Vbsuj1drtuE7CVawpnB0JjdnwPdF+cIlHpjYIm3wfFT19g==
  dependencies:
    "@aws-cdk/assets" "1.87.0"
    "@aws-cdk/aws-iam" "1.87.0"
    "@aws-cdk/aws-kms" "1.87.0"
    "@aws-cdk/aws-s3" "1.87.0"
    "@aws-cdk/core" "1.87.0"
    "@aws-cdk/cx-api" "1.87.0"
    constructs "^3.2.0"

"@aws-cdk/aws-s3@1.87.0":
  version "1.87.0"
  resolved "https://registry.yarnpkg.com/@aws-cdk/aws-s3/-/aws-s3-1.87.0.tgz#b0021af5c374ac097459f31bdd9c7661627bc509"
  integrity sha512-vHyGk6vpD7tdBIRpWatNgXvkAN1PCMvVPP0U0YKBI1SRjjcxWfbdsI9UFsf62NkXkc+nrb69S/y5ccm2XnaIew==
  dependencies:
    "@aws-cdk/aws-events" "1.87.0"
    "@aws-cdk/aws-iam" "1.87.0"
    "@aws-cdk/aws-kms" "1.87.0"
    "@aws-cdk/core" "1.87.0"
    "@aws-cdk/cx-api" "1.87.0"
    constructs "^3.2.0"

"@aws-cdk/aws-sam@1.87.0":
  version "1.87.0"
  resolved "https://registry.yarnpkg.com/@aws-cdk/aws-sam/-/aws-sam-1.87.0.tgz#21cca305076108ec2ff66bd183806bd57db85fd6"
  integrity sha512-jzxt2IKKKH88cGBpXwUlxsTcXWlNNxS1vfEM/T6UFqInfXS+V57ulwDUadjAd+Aa4kSk3+mz37bi8dNwYd/now==
  dependencies:
    "@aws-cdk/core" "1.87.0"
    constructs "^3.2.0"

"@aws-cdk/aws-secretsmanager@1.87.0":
  version "1.87.0"
  resolved "https://registry.yarnpkg.com/@aws-cdk/aws-secretsmanager/-/aws-secretsmanager-1.87.0.tgz#d9e700aa74eb6aa0c1afb300e7cee6f9dd35a3e5"
  integrity sha512-9UIjeIDTbN0ozLz/o8lU/wgYD6ixXMd5iGHQupTDfBvuDz/pI3dcCHFfyPT9MasiGPhQw2o1/uQSL4iFlAGfZQ==
  dependencies:
    "@aws-cdk/aws-ec2" "1.87.0"
    "@aws-cdk/aws-iam" "1.87.0"
    "@aws-cdk/aws-kms" "1.87.0"
    "@aws-cdk/aws-lambda" "1.87.0"
    "@aws-cdk/aws-sam" "1.87.0"
    "@aws-cdk/core" "1.87.0"
    "@aws-cdk/cx-api" "1.87.0"
    constructs "^3.2.0"

"@aws-cdk/aws-servicediscovery@1.87.0":
  version "1.87.0"
  resolved "https://registry.yarnpkg.com/@aws-cdk/aws-servicediscovery/-/aws-servicediscovery-1.87.0.tgz#3bff921b453f77c761841170008b6797b3689b18"
  integrity sha512-sjieE/ycjb5y5sbhftaLmxQW8femOjTghFyI7IntfMcLgLqHO27u6e4+ytfewaPBrcV5QCZ2Ya7CpFf9ahi4uw==
  dependencies:
    "@aws-cdk/aws-ec2" "1.87.0"
    "@aws-cdk/aws-elasticloadbalancingv2" "1.87.0"
    "@aws-cdk/aws-route53" "1.87.0"
    "@aws-cdk/core" "1.87.0"
    constructs "^3.2.0"

"@aws-cdk/aws-sns-subscriptions@1.87.0":
  version "1.87.0"
  resolved "https://registry.yarnpkg.com/@aws-cdk/aws-sns-subscriptions/-/aws-sns-subscriptions-1.87.0.tgz#768740df3ae910c20e2fa903f7bc02d55b272a47"
  integrity sha512-1moSy9iRtX+YEGDnSy2DtoVB3MCb4YN2sZROv1XBcFxTWjq3a21SxbxCsyZjL4LvDCgJlcGrqfqEJ3EHgdQRbA==
  dependencies:
    "@aws-cdk/aws-iam" "1.87.0"
    "@aws-cdk/aws-lambda" "1.87.0"
    "@aws-cdk/aws-sns" "1.87.0"
    "@aws-cdk/aws-sqs" "1.87.0"
    "@aws-cdk/core" "1.87.0"
    constructs "^3.2.0"

"@aws-cdk/aws-sns@1.87.0":
  version "1.87.0"
  resolved "https://registry.yarnpkg.com/@aws-cdk/aws-sns/-/aws-sns-1.87.0.tgz#9d8751f86240fd596893f24b794aec9a28ce2f97"
  integrity sha512-WkrWcWhAVdtHWz9HbR4AwGxkxwXOr6V28/2K7c8yiMMPVhK1+jEcoC+6cgTsrAsHUfUnUxWMdwmJsno4/QTgdA==
  dependencies:
    "@aws-cdk/aws-cloudwatch" "1.87.0"
    "@aws-cdk/aws-events" "1.87.0"
    "@aws-cdk/aws-iam" "1.87.0"
    "@aws-cdk/aws-kms" "1.87.0"
    "@aws-cdk/aws-sqs" "1.87.0"
    "@aws-cdk/core" "1.87.0"
    constructs "^3.2.0"

"@aws-cdk/aws-sqs@1.87.0":
  version "1.87.0"
  resolved "https://registry.yarnpkg.com/@aws-cdk/aws-sqs/-/aws-sqs-1.87.0.tgz#0c8feba90b1367f5f8578db61f0b154c947def8e"
  integrity sha512-iMC2bMlm0zClKk2zEmVEOFCimj6VLY3KcghNdaXLmTGPdY2O27JcA+qEmQaOf4afXL0ykkyEQUPiTdHnnqsKLg==
  dependencies:
    "@aws-cdk/aws-cloudwatch" "1.87.0"
    "@aws-cdk/aws-iam" "1.87.0"
    "@aws-cdk/aws-kms" "1.87.0"
    "@aws-cdk/core" "1.87.0"
    constructs "^3.2.0"

"@aws-cdk/aws-ssm@1.87.0":
  version "1.87.0"
  resolved "https://registry.yarnpkg.com/@aws-cdk/aws-ssm/-/aws-ssm-1.87.0.tgz#ec33b8cbc36daba8fdb6716a1a55f901374c2ba1"
  integrity sha512-FSugBXMKj7yqWIqT5mb1Nyis7w59K2QVe3M5gpXCBizADAQU/y0CL3wW7r9sJ3jixWLVGj0G2qm0PgnhIUUOcg==
  dependencies:
    "@aws-cdk/aws-iam" "1.87.0"
    "@aws-cdk/aws-kms" "1.87.0"
    "@aws-cdk/cloud-assembly-schema" "1.87.0"
    "@aws-cdk/core" "1.87.0"
    constructs "^3.2.0"

"@aws-cdk/aws-stepfunctions@1.87.0":
  version "1.87.0"
  resolved "https://registry.yarnpkg.com/@aws-cdk/aws-stepfunctions/-/aws-stepfunctions-1.87.0.tgz#9e16d3b2f804a954e5ffc3a2054bae54d6a4a549"
  integrity sha512-ku6ZsM5T3vXdj2zPMJ+q9AILg1jB6Vl8sEo+UmR5+IyYPhl/baz1p+oU32T+qVukgPbHMBedopz3DIoRmReEgg==
  dependencies:
    "@aws-cdk/aws-cloudwatch" "1.87.0"
    "@aws-cdk/aws-events" "1.87.0"
    "@aws-cdk/aws-iam" "1.87.0"
    "@aws-cdk/aws-logs" "1.87.0"
    "@aws-cdk/core" "1.87.0"
    constructs "^3.2.0"

"@aws-cdk/cloud-assembly-schema@1.87.0":
  version "1.87.0"
  resolved "https://registry.yarnpkg.com/@aws-cdk/cloud-assembly-schema/-/cloud-assembly-schema-1.87.0.tgz#c7fb111d72956463841fc15c47287a06d28b90a7"
  integrity sha512-GzeGll7Jtsl1ryUPP/rA6wvRli04na37D1P4mlKka0qbjUKwYvbWTnqpW/mHRAQOmdXhX/l/762/FzsL9WF9Lw==
  dependencies:
    jsonschema "^1.4.0"
    semver "^7.3.2"

"@aws-cdk/core@*", "@aws-cdk/core@1.87.0":
  version "1.87.0"
  resolved "https://registry.yarnpkg.com/@aws-cdk/core/-/core-1.87.0.tgz#8182c597b8ac2184ba57dfeb9298cdb82e977012"
  integrity sha512-G7oEGKSahwWjgMBLrCYD3uelDVfQuoHw84AcgtTHdugM9ncTAso+UZNGH2HzoSVLcGqzRKh+epXtBVjPb+b4aQ==
  dependencies:
    "@aws-cdk/cloud-assembly-schema" "1.87.0"
    "@aws-cdk/cx-api" "1.87.0"
    "@aws-cdk/region-info" "1.87.0"
    "@balena/dockerignore" "^1.0.2"
    constructs "^3.2.0"
    fs-extra "^9.1.0"
    ignore "^5.1.8"
    minimatch "^3.0.4"

"@aws-cdk/custom-resources@1.87.0":
  version "1.87.0"
  resolved "https://registry.yarnpkg.com/@aws-cdk/custom-resources/-/custom-resources-1.87.0.tgz#e390c6d38f521538ec34d7d227246473e3dae1b5"
  integrity sha512-Rz1RTE0f2wR5V+DtxgoZfyyXD5mQUFnc83MVlyevhZZiz08E/2Vsu+aY5jdryiS6mYNh+OgxIFxwh6kopiEC0Q==
  dependencies:
    "@aws-cdk/aws-cloudformation" "1.87.0"
    "@aws-cdk/aws-ec2" "1.87.0"
    "@aws-cdk/aws-iam" "1.87.0"
    "@aws-cdk/aws-lambda" "1.87.0"
    "@aws-cdk/aws-logs" "1.87.0"
    "@aws-cdk/aws-sns" "1.87.0"
    "@aws-cdk/core" "1.87.0"
    constructs "^3.2.0"

"@aws-cdk/cx-api@1.87.0":
  version "1.87.0"
  resolved "https://registry.yarnpkg.com/@aws-cdk/cx-api/-/cx-api-1.87.0.tgz#13cd4acbdfcc49ab784bcc9e9a56d1662b0054e4"
  integrity sha512-UgxrUIGDd5XHCLqPWUPEVr1YtQdhXS3zs72unCUSqNEsKkOwC3g4Iz3BforNkHRcMubNgW/Ko8EFelUqMzhTtA==
  dependencies:
    "@aws-cdk/cloud-assembly-schema" "1.87.0"
    semver "^7.3.2"

"@aws-cdk/region-info@1.87.0":
  version "1.87.0"
  resolved "https://registry.yarnpkg.com/@aws-cdk/region-info/-/region-info-1.87.0.tgz#72ee68b993ddcff6def5bd0dc48924911f221093"
  integrity sha512-7hNHmriuFlVoTlzV+SYZycDyVioFeMjwRxJ45V8F8WCizrz53BItr+6DBx+Ey+TKvUeHM7H1422VazptqVWrnw==

"@balena/dockerignore@^1.0.2":
  version "1.0.2"
  resolved "https://registry.yarnpkg.com/@balena/dockerignore/-/dockerignore-1.0.2.tgz#9ffe4726915251e8eb69f44ef3547e0da2c03e0d"
  integrity sha512-wMue2Sy4GAVTk6Ic4tJVcnfdau+gx2EnG7S+uAEe+TWJFqE4YoWN4/H8MSLj4eYJKxGg26lZwboEniNiNwZQ6Q==

"@types/node@^8.10.38":
  version "8.10.66"
  resolved "https://registry.yarnpkg.com/@types/node/-/node-8.10.66.tgz#dd035d409df322acc83dff62a602f12a5783bbb3"
  integrity sha512-tktOkFUA4kXx2hhhrB8bIFb5TbwzS4uOhKEmwiD+NoiL0qtP2OQ9mFldbgD4dV1djrlBYP6eBuQZiWjuHUpqFw==

at-least-node@^1.0.0:
  version "1.0.0"
  resolved "https://registry.yarnpkg.com/at-least-node/-/at-least-node-1.0.0.tgz#602cd4b46e844ad4effc92a8011a3c46e0238dc2"
  integrity sha512-+q/t7Ekv1EDY2l6Gda6LLiX14rU9TV20Wa3ofeQmwPFZbOMo9DXrLbOjFaaclkXKWidIaopwAObQDqwWtGUjqg==

balanced-match@^1.0.0:
  version "1.0.0"
  resolved "https://registry.yarnpkg.com/balanced-match/-/balanced-match-1.0.0.tgz#89b4d199ab2bee49de164ea02b89ce462d71b767"
  integrity sha1-ibTRmasr7kneFk6gK4nORi1xt2c=

brace-expansion@^1.1.7:
  version "1.1.11"
  resolved "https://registry.yarnpkg.com/brace-expansion/-/brace-expansion-1.1.11.tgz#3c7fcbf529d87226f3d2f52b966ff5271eb441dd"
  integrity sha512-iCuPHDFgrHX7H2vEI/5xpz07zSHB00TpugqhmYtVmMO6518mCuRMoOYFldEBl0g187ufozdaHgWKcYFb61qGiA==
  dependencies:
    balanced-match "^1.0.0"
    concat-map "0.0.1"

concat-map@0.0.1:
  version "0.0.1"
  resolved "https://registry.yarnpkg.com/concat-map/-/concat-map-0.0.1.tgz#d8a96bd77fd68df7793a73036a3ba0d5405d477b"
  integrity sha1-2Klr13/Wjfd5OnMDajug1UBdR3s=

constructs@^3.2.0:
  version "3.2.117"
  resolved "https://registry.yarnpkg.com/constructs/-/constructs-3.2.117.tgz#d6f29d822f99530f4cb5c79089dc2e1bd0d0e9d3"
  integrity sha512-zYDlALAHWdopUzMGr3aZPlPR8f+OEYr1+QZCkLqi/eyUjbOmlPQ6xwrlDoOaJNgpMf727T9Yo+hokCjIRsZweQ==

fs-extra@^9.1.0:
  version "9.1.0"
  resolved "https://registry.yarnpkg.com/fs-extra/-/fs-extra-9.1.0.tgz#5954460c764a8da2094ba3554bf839e6b9a7c86d"
  integrity sha512-hcg3ZmepS30/7BSFqRvoo3DOMQu7IjqxO5nCDt+zM9XWjb33Wg7ziNT+Qvqbuc3+gWpzO02JubVyk2G4Zvo1OQ==
  dependencies:
    at-least-node "^1.0.0"
    graceful-fs "^4.2.0"
    jsonfile "^6.0.1"
    universalify "^2.0.0"

graceful-fs@^4.1.6, graceful-fs@^4.2.0:
  version "4.2.4"
  resolved "https://registry.yarnpkg.com/graceful-fs/-/graceful-fs-4.2.4.tgz#2256bde14d3632958c465ebc96dc467ca07a29fb"
  integrity sha512-WjKPNJF79dtJAVniUlGGWHYGz2jWxT6VhN/4m1NdkbZ2nOsEF+cI1Edgql5zCRhs/VsQYRvrXctxktVXZUkixw==

ignore@^5.1.8:
  version "5.1.8"
  resolved "https://registry.yarnpkg.com/ignore/-/ignore-5.1.8.tgz#f150a8b50a34289b33e22f5889abd4d8016f0e57"
  integrity sha512-BMpfD7PpiETpBl/A6S498BaIJ6Y/ABT93ETbby2fP00v4EbvPBXWEoaR1UBPKs3iR53pJY7EtZk5KACI57i1Uw==

jsonfile@^6.0.1:
  version "6.1.0"
  resolved "https://registry.yarnpkg.com/jsonfile/-/jsonfile-6.1.0.tgz#bc55b2634793c679ec6403094eb13698a6ec0aae"
  integrity sha512-5dgndWOriYSm5cnYaJNhalLNDKOqFwyDB/rr1E9ZsGciGvKPs8R2xYGCacuf3z6K1YKDz182fd+fY3cn3pMqXQ==
  dependencies:
    universalify "^2.0.0"
  optionalDependencies:
    graceful-fs "^4.1.6"

jsonschema@^1.4.0:
  version "1.4.0"
  resolved "https://registry.yarnpkg.com/jsonschema/-/jsonschema-1.4.0.tgz#1afa34c4bc22190d8e42271ec17ac8b3404f87b2"
  integrity sha512-/YgW6pRMr6M7C+4o8kS+B/2myEpHCrxO4PEWnqJNBFMjn7EWXqlQ4tGwL6xTHeRplwuZmcAncdvfOad1nT2yMw==

lru-cache@^6.0.0:
  version "6.0.0"
  resolved "https://registry.yarnpkg.com/lru-cache/-/lru-cache-6.0.0.tgz#6d6fe6570ebd96aaf90fcad1dafa3b2566db3a94"
  integrity sha512-Jo6dJ04CmSjuznwJSS3pUeWmd/H0ffTlkXXgwZi+eq1UCmqQwCh+eLsYOYCwY991i2Fah4h1BEMCx4qThGbsiA==
  dependencies:
    yallist "^4.0.0"

minimatch@^3.0.4:
  version "3.0.4"
  resolved "https://registry.yarnpkg.com/minimatch/-/minimatch-3.0.4.tgz#5166e286457f03306064be5497e8dbb0c3d32083"
  integrity sha512-yJHVQEhyqPLUTgt9B83PXu6W3rx4MvvHvSUvToogpwoGDOUQ+yDrR0HRot+yOCdCO7u4hX3pWft6kWBBcqh0UA==
  dependencies:
    brace-expansion "^1.1.7"

punycode@^2.1.1:
  version "2.1.1"
  resolved "https://registry.yarnpkg.com/punycode/-/punycode-2.1.1.tgz#b58b010ac40c22c5657616c8d2c2c02c7bf479ec"
  integrity sha512-XRsRjdf+j5ml+y/6GKHPZbrF/8p2Yga0JPtdqTIY2Xe5ohJPD9saDJJLPvp9+NSBprVvevdXZybnj2cv8OEd0A==

semver@^7.3.2:
  version "7.3.4"
  resolved "https://registry.yarnpkg.com/semver/-/semver-7.3.4.tgz#27aaa7d2e4ca76452f98d3add093a72c943edc97"
  integrity sha512-tCfb2WLjqFAtXn4KEdxIhalnRtoKFN7nAwj0B3ZXCbQloV2tq5eDbcTmT68JJD3nRJq24/XgxtQKFIpQdtvmVw==
  dependencies:
    lru-cache "^6.0.0"

typescript@~3.7.2:
  version "3.7.5"
  resolved "https://registry.yarnpkg.com/typescript/-/typescript-3.7.5.tgz#0692e21f65fd4108b9330238aac11dd2e177a1ae"
  integrity sha512-/P5lkRXkWHNAbcJIiHPfRoKqyd7bsyCma1hZNUGfn20qm64T6ZBlrzprymeu918H+mB/0rIg2gGK/BXkhhYgBw==

universalify@^2.0.0:
  version "2.0.0"
  resolved "https://registry.yarnpkg.com/universalify/-/universalify-2.0.0.tgz#75a4984efedc4b08975c5aeb73f530d02df25717"
  integrity sha512-hAZsKq7Yy11Zu1DE0OzWjw7nnLZmJZYTDZZyEFHZdUhV8FkH5MCfoU1XMaxXovpyW5nq5scPqq0ZDP9Zyl04oQ==

yallist@^4.0.0:
  version "4.0.0"
  resolved "https://registry.yarnpkg.com/yallist/-/yallist-4.0.0.tgz#9bb92790d9c0effec63be73519e11a35019a3a72"
  integrity sha512-3wdGidZyq5PB084XLES5TpOSRA3wjXAlIWMhum2kRcv/41Sn2emQ0dycQW4uZXLejwKvg6EsvbdlVL+FYEct7A==
